
Microsoft Visual Studio Solution File, Format Version 12.00
# Visual Studio 15
VisualStudioVersion = 15.0.27130.2010
MinimumVisualStudioVersion = 10.0.40219.1
Project("{FAE04EC0-301F-11D3-BF4B-00C04F79EFBC}") = "WhiteBook", "WhiteBook\WhiteBook.csproj", "{37278E05-DD72-403E-9163-BFAE578FD505}"
EndProject
Global
	GlobalSection(SolutionConfigurationPlatforms) = preSolution
		Debug|Any CPU = Debug|Any CPU
		Release|Any CPU = Release|Any CPU
	EndGlobalSection
	GlobalSection(ProjectConfigurationPlatforms) = postSolution
		{37278E05-DD72-403E-9163-BFAE578FD505}.Debug|Any CPU.ActiveCfg = Debug|Any CPU
		{37278E05-DD72-403E-9163-BFAE578FD505}.Debug|Any CPU.Build.0 = Debug|Any CPU
		{37278E05-DD72-403E-9163-BFAE578FD505}.Release|Any CPU.ActiveCfg = Release|Any CPU
		{37278E05-DD72-403E-9163-BFAE578FD505}.Release|Any CPU.Build.0 = Release|Any CPU
	EndGlobalSection
	GlobalSection(SolutionProperties) = preSolution
		HideSolutionNode = FALSE
	EndGlobalSection
	GlobalSection(ExtensibilityGlobals) = postSolution
		SolutionGuid = {5953D032-B437-422D-B0F0-6A05CA01E306}
	EndGlobalSection
EndGlobal
